
Microsoft Visual Studio Solution File, Format Version 12.00
# Visual Studio Version 17
VisualStudioVersion = 17.5.33402.96
MinimumVisualStudioVersion = 10.0.40219.1
Project("{2150E333-8FDC-42A3-9474-1A3956D46DE8}") = "src", "src", "{84E7A06B-7379-44C6-9607-5969A19A829B}"
EndProject
Project("{FAE04EC0-301F-11D3-BF4B-00C04F79EFBC}") = "EditorSmoothScroll", "src\EditorSmoothScroll\EditorSmoothScroll.csproj", "{B7E16502-3C44-43CA-A058-857101671673}"
EndProject
Global
	GlobalSection(SolutionConfigurationPlatforms) = preSolution
		Debug|Any CPU = Debug|Any CPU
		Debug|arm64 = Debug|arm64
		Debug|x86 = Debug|x86
		Release|Any CPU = Release|Any CPU
		Release|arm64 = Release|arm64
		Release|x86 = Release|x86
	EndGlobalSection
	GlobalSection(ProjectConfigurationPlatforms) = postSolution
		{B7E16502-3C44-43CA-A058-857101671673}.Debug|Any CPU.ActiveCfg = Debug|Any CPU
		{B7E16502-3C44-43CA-A058-857101671673}.Debug|Any CPU.Build.0 = Debug|Any CPU
		{B7E16502-3C44-43CA-A058-857101671673}.Debug|arm64.ActiveCfg = Debug|arm64
		{B7E16502-3C44-43CA-A058-857101671673}.Debug|arm64.Build.0 = Debug|arm64
		{B7E16502-3C44-43CA-A058-857101671673}.Debug|x86.ActiveCfg = Debug|x86
		{B7E16502-3C44-43CA-A058-857101671673}.Debug|x86.Build.0 = Debug|x86
		{B7E16502-3C44-43CA-A058-857101671673}.Release|Any CPU.ActiveCfg = Release|Any CPU
		{B7E16502-3C44-43CA-A058-857101671673}.Release|Any CPU.Build.0 = Release|Any CPU
		{B7E16502-3C44-43CA-A058-857101671673}.Release|arm64.ActiveCfg = Release|arm64
		{B7E16502-3C44-43CA-A058-857101671673}.Release|arm64.Build.0 = Release|arm64
		{B7E16502-3C44-43CA-A058-857101671673}.Release|x86.ActiveCfg = Release|x86
		{B7E16502-3C44-43CA-A058-857101671673}.Release|x86.Build.0 = Release|x86
	EndGlobalSection
	GlobalSection(SolutionProperties) = preSolution
		HideSolutionNode = FALSE
	EndGlobalSection
	GlobalSection(NestedProjects) = preSolution
		{B7E16502-3C44-43CA-A058-857101671673} = {84E7A06B-7379-44C6-9607-5969A19A829B}
	EndGlobalSection
	GlobalSection(ExtensibilityGlobals) = postSolution
		SolutionGuid = {9FE278C2-1A88-4507-A6A4-596EF290BA12}
	EndGlobalSection
EndGlobal
